{
  "name": "@lspinstall/nvim",
  "version": "1.0.0",
  "lockfileVersion": 2,
  "requires": true,
  "packages": {
    "": {
      "name": "@lspinstall/nvim",
      "version": "1.0.0",
      "license": "ISC",
      "dependencies": {
        "dockerfile-language-server-nodejs": "^0.4.1"
      }
    },
    "node_modules/dockerfile-ast": {
      "version": "0.2.0",
      "resolved": "https://registry.npmjs.org/dockerfile-ast/-/dockerfile-ast-0.2.0.tgz",
      "integrity": "sha512-iQyp12k1A4tF3sEfLAq2wfFPKdpoiGTJeuiu2Y1bdEqIZu0DfSSL2zm0fk7a/UHeQkngnYaRRGuON+C+2LO1Fw==",
      "dependencies": {
        "vscode-languageserver-types": "^3.16.0"
      },
      "engines": {
        "node": "*"
      }
    },
    "node_modules/dockerfile-ast/node_modules/vscode-languageserver-types": {
      "version": "3.16.0",
      "resolved": "https://registry.npmjs.org/vscode-languageserver-types/-/vscode-languageserver-types-3.16.0.tgz",
      "integrity": "sha512-k8luDIWJWyenLc5ToFQQMaSrqCHiLwyKPHKPQZ5zz21vM+vIVUSvsRpcbiECH4WR88K2XZqc4ScRcZ7nk/jbeA=="
    },
    "node_modules/dockerfile-language-server-nodejs": {
      "version": "0.4.1",
      "resolved": "https://registry.npmjs.org/dockerfile-language-server-nodejs/-/dockerfile-language-server-nodejs-0.4.1.tgz",
      "integrity": "sha512-7mB+HdMd4dfjChK1+37++ylA+sy7wFaf0/3HDy6cJDj5dTx4C4vVDmDKQpZgNJU1gIkxDnW6QCLCxpoe5FPyVA==",
      "dependencies": {
        "dockerfile-language-service": "0.3.0",
        "dockerfile-utils": "0.2.0",
        "vscode-languageserver": "^7.0.0"
      },
      "bin": {
        "docker-langserver": "bin/docker-langserver"
      },
      "engines": {
        "node": "*"
      }
    },
    "node_modules/dockerfile-language-service": {
      "version": "0.3.0",
      "resolved": "https://registry.npmjs.org/dockerfile-language-service/-/dockerfile-language-service-0.3.0.tgz",
      "integrity": "sha512-BUStimzz1Ozh41o+2AgMfwW8M7KsqzOBllNlLkf7NDe6W9KvcC3d8j4MTc+cU9wfRUoVckK39M2btvRFFDK61w==",
      "dependencies": {
        "dockerfile-ast": "0.2.0",
        "dockerfile-utils": "0.4.2",
        "vscode-languageserver-types": "3.17.0-next.1"
      },
      "engines": {
        "node": "*"
      }
    },
    "node_modules/dockerfile-language-service/node_modules/dockerfile-utils": {
      "version": "0.4.2",
      "resolved": "https://registry.npmjs.org/dockerfile-utils/-/dockerfile-utils-0.4.2.tgz",
      "integrity": "sha512-WfJEuXWdVdiarhxJgRlZ9bkMO/9un6dZDz+u3z6AYEXfsH2XRwYqdIvyOqFzaDDP0Hc6pR5rb9FJRSKyo+NuxA==",
      "dependencies": {
        "dockerfile-ast": "0.2.1",
        "vscode-languageserver-types": "^3.16.0"
      },
      "bin": {
        "dockerfile-utils": "bin/dockerfile-utils"
      },
      "engines": {
        "node": "*"
      }
    },
    "node_modules/dockerfile-language-service/node_modules/dockerfile-utils/node_modules/dockerfile-ast": {
      "version": "0.2.1",
      "resolved": "https://registry.npmjs.org/dockerfile-ast/-/dockerfile-ast-0.2.1.tgz",
      "integrity": "sha512-ut04CVM1G6zIITTcYPDIXhPZk9mCa21m4dfW8FcDDGxwgTQhYyHDu6U7M8klZ7QsjqVcJhryKi+TGOX6bjgKdQ==",
      "dependencies": {
        "vscode-languageserver-types": "^3.16.0"
      },
      "engines": {
        "node": "*"
      }
    },
    "node_modules/dockerfile-language-service/node_modules/dockerfile-utils/node_modules/vscode-languageserver-types": {
      "version": "3.16.0",
      "resolved": "https://registry.npmjs.org/vscode-languageserver-types/-/vscode-languageserver-types-3.16.0.tgz",
      "integrity": "sha512-k8luDIWJWyenLc5ToFQQMaSrqCHiLwyKPHKPQZ5zz21vM+vIVUSvsRpcbiECH4WR88K2XZqc4ScRcZ7nk/jbeA=="
    },
    "node_modules/dockerfile-utils": {
      "version": "0.2.0",
      "resolved": "https://registry.npmjs.org/dockerfile-utils/-/dockerfile-utils-0.2.0.tgz",
      "integrity": "sha512-B8tEGwLd3w0dWALshXS0gkAwDYdqFKAKm9zIyp/nCFkx8+BOhbz5CiAFlVU+WRvv6kd6AP/YtYVOzSL54MJlmQ==",
      "dependencies": {
        "dockerfile-ast": "0.1.0",
        "vscode-languageserver-types": "^3.16.0"
      },
      "bin": {
        "dockerfile-utils": "bin/dockerfile-utils"
      },
      "engines": {
        "node": "*"
      }
    },
    "node_modules/dockerfile-utils/node_modules/dockerfile-ast": {
      "version": "0.1.0",
      "resolved": "https://registry.npmjs.org/dockerfile-ast/-/dockerfile-ast-0.1.0.tgz",
      "integrity": "sha512-qKftHMVoMliYBaYLkgttm+NXhRISVNkIMfAL4ecmXjiWRElfdfY+xNgITiehG0LpUEDbFUa/UDCByYq/2UZIpQ==",
      "dependencies": {
        "vscode-languageserver-types": "^3.16.0"
      },
      "engines": {
        "node": "*"
      }
    },
    "node_modules/dockerfile-utils/node_modules/vscode-languageserver-types": {
      "version": "3.16.0",
      "resolved": "https://registry.npmjs.org/vscode-languageserver-types/-/vscode-languageserver-types-3.16.0.tgz",
      "integrity": "sha512-k8luDIWJWyenLc5ToFQQMaSrqCHiLwyKPHKPQZ5zz21vM+vIVUSvsRpcbiECH4WR88K2XZqc4ScRcZ7nk/jbeA=="
    },
    "node_modules/vscode-jsonrpc": {
      "version": "6.0.0",
      "resolved": "https://registry.npmjs.org/vscode-jsonrpc/-/vscode-jsonrpc-6.0.0.tgz",
      "integrity": "sha512-wnJA4BnEjOSyFMvjZdpiOwhSq9uDoK8e/kpRJDTaMYzwlkrhG1fwDIZI94CLsLzlCK5cIbMMtFlJlfR57Lavmg==",
      "engines": {
        "node": ">=8.0.0 || >=10.0.0"
      }
    },
    "node_modules/vscode-languageserver": {
      "version": "7.0.0",
      "resolved": "https://registry.npmjs.org/vscode-languageserver/-/vscode-languageserver-7.0.0.tgz",
      "integrity": "sha512-60HTx5ID+fLRcgdHfmz0LDZAXYEV68fzwG0JWwEPBode9NuMYTIxuYXPg4ngO8i8+Ou0lM7y6GzaYWbiDL0drw==",
      "dependencies": {
        "vscode-languageserver-protocol": "3.16.0"
      },
      "bin": {
        "installServerIntoExtension": "bin/installServerIntoExtension"
      }
    },
    "node_modules/vscode-languageserver-protocol": {
      "version": "3.16.0",
      "resolved": "https://registry.npmjs.org/vscode-languageserver-protocol/-/vscode-languageserver-protocol-3.16.0.tgz",
      "integrity": "sha512-sdeUoAawceQdgIfTI+sdcwkiK2KU+2cbEYA0agzM2uqaUy2UpnnGHtWTHVEtS0ES4zHU0eMFRGN+oQgDxlD66A==",
      "dependencies": {
        "vscode-jsonrpc": "6.0.0",
        "vscode-languageserver-types": "3.16.0"
      }
    },
    "node_modules/vscode-languageserver-protocol/node_modules/vscode-languageserver-types": {
      "version": "3.16.0",
      "resolved": "https://registry.npmjs.org/vscode-languageserver-types/-/vscode-languageserver-types-3.16.0.tgz",
      "integrity": "sha512-k8luDIWJWyenLc5ToFQQMaSrqCHiLwyKPHKPQZ5zz21vM+vIVUSvsRpcbiECH4WR88K2XZqc4ScRcZ7nk/jbeA=="
    },
    "node_modules/vscode-languageserver-types": {
      "version": "3.17.0-next.1",
      "resolved": "https://registry.npmjs.org/vscode-languageserver-types/-/vscode-languageserver-types-3.17.0-next.1.tgz",
      "integrity": "sha512-VGzh06oynbYa6JbTKUbxOEZN7CYEtWhN7DK5wfzUpeCJl8X8xZX39g2PVfpqXrIEduu7dcJgK007KgnX9tHNKA=="
    }
  },
  "dependencies": {
    "dockerfile-ast": {
      "version": "0.2.0",
      "resolved": "https://registry.npmjs.org/dockerfile-ast/-/dockerfile-ast-0.2.0.tgz",
      "integrity": "sha512-iQyp12k1A4tF3sEfLAq2wfFPKdpoiGTJeuiu2Y1bdEqIZu0DfSSL2zm0fk7a/UHeQkngnYaRRGuON+C+2LO1Fw==",
      "requires": {
        "vscode-languageserver-types": "^3.16.0"
      },
      "dependencies": {
        "vscode-languageserver-types": {
          "version": "3.16.0",
          "resolved": "https://registry.npmjs.org/vscode-languageserver-types/-/vscode-languageserver-types-3.16.0.tgz",
          "integrity": "sha512-k8luDIWJWyenLc5ToFQQMaSrqCHiLwyKPHKPQZ5zz21vM+vIVUSvsRpcbiECH4WR88K2XZqc4ScRcZ7nk/jbeA=="
        }
      }
    },
    "dockerfile-language-server-nodejs": {
      "version": "0.4.1",
      "resolved": "https://registry.npmjs.org/dockerfile-language-server-nodejs/-/dockerfile-language-server-nodejs-0.4.1.tgz",
      "integrity": "sha512-7mB+HdMd4dfjChK1+37++ylA+sy7wFaf0/3HDy6cJDj5dTx4C4vVDmDKQpZgNJU1gIkxDnW6QCLCxpoe5FPyVA==",
      "requires": {
        "dockerfile-language-service": "0.3.0",
        "dockerfile-utils": "0.2.0",
        "vscode-languageserver": "^7.0.0"
      }
    },
    "dockerfile-language-service": {
      "version": "0.3.0",
      "resolved": "https://registry.npmjs.org/dockerfile-language-service/-/dockerfile-language-service-0.3.0.tgz",
      "integrity": "sha512-BUStimzz1Ozh41o+2AgMfwW8M7KsqzOBllNlLkf7NDe6W9KvcC3d8j4MTc+cU9wfRUoVckK39M2btvRFFDK61w==",
      "requires": {
        "dockerfile-ast": "0.2.0",
        "dockerfile-utils": "0.4.2",
        "vscode-languageserver-types": "3.17.0-next.1"
      },
      "dependencies": {
        "dockerfile-utils": {
          "version": "0.4.2",
          "resolved": "https://registry.npmjs.org/dockerfile-utils/-/dockerfile-utils-0.4.2.tgz",
          "integrity": "sha512-WfJEuXWdVdiarhxJgRlZ9bkMO/9un6dZDz+u3z6AYEXfsH2XRwYqdIvyOqFzaDDP0Hc6pR5rb9FJRSKyo+NuxA==",
          "requires": {
            "dockerfile-ast": "0.2.1",
            "vscode-languageserver-types": "^3.16.0"
          },
          "dependencies": {
            "dockerfile-ast": {
              "version": "0.2.1",
              "resolved": "https://registry.npmjs.org/dockerfile-ast/-/dockerfile-ast-0.2.1.tgz",
              "integrity": "sha512-ut04CVM1G6zIITTcYPDIXhPZk9mCa21m4dfW8FcDDGxwgTQhYyHDu6U7M8klZ7QsjqVcJhryKi+TGOX6bjgKdQ==",
              "requires": {
                "vscode-languageserver-types": "^3.16.0"
              }
            },
            "vscode-languageserver-types": {
              "version": "3.16.0",
              "resolved": "https://registry.npmjs.org/vscode-languageserver-types/-/vscode-languageserver-types-3.16.0.tgz",
              "integrity": "sha512-k8luDIWJWyenLc5ToFQQMaSrqCHiLwyKPHKPQZ5zz21vM+vIVUSvsRpcbiECH4WR88K2XZqc4ScRcZ7nk/jbeA=="
            }
          }
        }
      }
    },
    "dockerfile-utils": {
      "version": "0.2.0",
      "resolved": "https://registry.npmjs.org/dockerfile-utils/-/dockerfile-utils-0.2.0.tgz",
      "integrity": "sha512-B8tEGwLd3w0dWALshXS0gkAwDYdqFKAKm9zIyp/nCFkx8+BOhbz5CiAFlVU+WRvv6kd6AP/YtYVOzSL54MJlmQ==",
      "requires": {
        "dockerfile-ast": "0.1.0",
        "vscode-languageserver-types": "^3.16.0"
      },
      "dependencies": {
        "dockerfile-ast": {
          "version": "0.1.0",
          "resolved": "https://registry.npmjs.org/dockerfile-ast/-/dockerfile-ast-0.1.0.tgz",
          "integrity": "sha512-qKftHMVoMliYBaYLkgttm+NXhRISVNkIMfAL4ecmXjiWRElfdfY+xNgITiehG0LpUEDbFUa/UDCByYq/2UZIpQ==",
          "requires": {
            "vscode-languageserver-types": "^3.16.0"
          }
        },
        "vscode-languageserver-types": {
          "version": "3.16.0",
          "resolved": "https://registry.npmjs.org/vscode-languageserver-types/-/vscode-languageserver-types-3.16.0.tgz",
          "integrity": "sha512-k8luDIWJWyenLc5ToFQQMaSrqCHiLwyKPHKPQZ5zz21vM+vIVUSvsRpcbiECH4WR88K2XZqc4ScRcZ7nk/jbeA=="
        }
      }
    },
    "vscode-jsonrpc": {
      "version": "6.0.0",
      "resolved": "https://registry.npmjs.org/vscode-jsonrpc/-/vscode-jsonrpc-6.0.0.tgz",
      "integrity": "sha512-wnJA4BnEjOSyFMvjZdpiOwhSq9uDoK8e/kpRJDTaMYzwlkrhG1fwDIZI94CLsLzlCK5cIbMMtFlJlfR57Lavmg=="
    },
    "vscode-languageserver": {
      "version": "7.0.0",
      "resolved": "https://registry.npmjs.org/vscode-languageserver/-/vscode-languageserver-7.0.0.tgz",
      "integrity": "sha512-60HTx5ID+fLRcgdHfmz0LDZAXYEV68fzwG0JWwEPBode9NuMYTIxuYXPg4ngO8i8+Ou0lM7y6GzaYWbiDL0drw==",
      "requires": {
        "vscode-languageserver-protocol": "3.16.0"
      }
    },
    "vscode-languageserver-protocol": {
      "version": "3.16.0",
      "resolved": "https://registry.npmjs.org/vscode-languageserver-protocol/-/vscode-languageserver-protocol-3.16.0.tgz",
      "integrity": "sha512-sdeUoAawceQdgIfTI+sdcwkiK2KU+2cbEYA0agzM2uqaUy2UpnnGHtWTHVEtS0ES4zHU0eMFRGN+oQgDxlD66A==",
      "requires": {
        "vscode-jsonrpc": "6.0.0",
        "vscode-languageserver-types": "3.16.0"
      },
      "dependencies": {
        "vscode-languageserver-types": {
          "version": "3.16.0",
          "resolved": "https://registry.npmjs.org/vscode-languageserver-types/-/vscode-languageserver-types-3.16.0.tgz",
          "integrity": "sha512-k8luDIWJWyenLc5ToFQQMaSrqCHiLwyKPHKPQZ5zz21vM+vIVUSvsRpcbiECH4WR88K2XZqc4ScRcZ7nk/jbeA=="
        }
      }
    },
    "vscode-languageserver-types": {
      "version": "3.17.0-next.1",
      "resolved": "https://registry.npmjs.org/vscode-languageserver-types/-/vscode-languageserver-types-3.17.0-next.1.tgz",
      "integrity": "sha512-VGzh06oynbYa6JbTKUbxOEZN7CYEtWhN7DK5wfzUpeCJl8X8xZX39g2PVfpqXrIEduu7dcJgK007KgnX9tHNKA=="
    }
  }
}
